// !$*UTF8*$!
{
	archiveVersion = 1;
	classes = {
	};
	objectVersion = 77;
	objects = {

/* Begin PBXBuildFile section */
		26D9E0A130AAB10000C0D001 /* ConvexMobile in Frameworks */ = {isa = PBXBuildFile; productRef = 26D9E0A330AAB10000C0D001 /* ConvexMobile */; };
		26D9E0BD30AAB20000C0D001 /* IntentWidgetsExtension.appex in Embed Foundation Extensions */ = {isa = PBXBuildFile; fileRef = 26D9E0B130AAB20000C0D001 /* IntentWidgetsExtension.appex */; settings = {ATTRIBUTES = (RemoveHeadersOnCopy, ); }; };
/* End PBXBuildFile section */

/* Begin PBXContainerItemProxy section */
		25A6C4F72F5FBD3F00687236 /* PBXContainerItemProxy */ = {
			isa = PBXContainerItemProxy;
			containerPortal = 25A6C4DF2F5FBD3D00687236 /* Project object */;
			proxyType = 1;
			remoteGlobalIDString = 25A6C4E62F5FBD3D00687236;
			remoteInfo = Intent;
		};
		25A6C5012F5FBD4000687236 /* PBXContainerItemProxy */ = {
			isa = PBXContainerItemProxy;
			containerPortal = 25A6C4DF2F5FBD3D00687236 /* Project object */;
			proxyType = 1;
			remoteGlobalIDString = 25A6C4E62F5FBD3D00687236;
			remoteInfo = Intent;
		};
		26D9E0BA30AAB20000C0D001 /* PBXContainerItemProxy */ = {
			isa = PBXContainerItemProxy;
			containerPortal = 25A6C4DF2F5FBD3D00687236 /* Project object */;
			proxyType = 1;
			remoteGlobalIDString = 26D9E0B330AAB20000C0D001;
			remoteInfo = IntentWidgetsExtension;
		};
/* End PBXContainerItemProxy section */

/* Begin PBXCopyFilesBuildPhase section */
		26D9E0BC30AAB20000C0D001 /* Embed Foundation Extensions */ = {
			isa = PBXCopyFilesBuildPhase;
			buildActionMask = 2147483647;
			dstPath = "";
			dstSubfolderSpec = 13;
			files = (
				26D9E0BD30AAB20000C0D001 /* IntentWidgetsExtension.appex in Embed Foundation Extensions */,
			);
			name = "Embed Foundation Extensions";
			runOnlyForDeploymentPostprocessing = 0;
		};
/* End PBXCopyFilesBuildPhase section */

/* Begin PBXFileReference section */
		25A6C4E72F5FBD3D00687236 /* Intent.app */ = {isa = PBXFileReference; explicitFileType = wrapper.application; includeInIndex = 0; path = Intent.app; sourceTree = BUILT_PRODUCTS_DIR; };
		25A6C4F62F5FBD3F00687236 /* IntentTests.xctest */ = {isa = PBXFileReference; explicitFileType = wrapper.cfbundle; includeInIndex = 0; path = IntentTests.xctest; sourceTree = BUILT_PRODUCTS_DIR; };
		25A6C5002F5FBD4000687236 /* IntentUITests.xctest */ = {isa = PBXFileReference; explicitFileType = wrapper.cfbundle; includeInIndex = 0; path = IntentUITests.xctest; sourceTree = BUILT_PRODUCTS_DIR; };
		26D9E0B130AAB20000C0D001 /* IntentWidgetsExtension.appex */ = {isa = PBXFileReference; explicitFileType = "wrapper.app-extension"; includeInIndex = 0; path = IntentWidgetsExtension.appex; sourceTree = BUILT_PRODUCTS_DIR; };
/* End PBXFileReference section */

/* Begin PBXFileSystemSynchronizedBuildFileExceptionSet section */
		26D9E0BE30AAB20000C0D001 /* Exceptions for "IntentWidgets" folder in "IntentWidgetsExtension" target */ = {
			isa = PBXFileSystemSynchronizedBuildFileExceptionSet;
			membershipExceptions = (
				Info.plist,
			);
			target = 26D9E0B330AAB20000C0D001 /* IntentWidgetsExtension */;
		};
/* End PBXFileSystemSynchronizedBuildFileExceptionSet section */

/* Begin PBXFileSystemSynchronizedRootGroup section */
		25A6C4E92F5FBD3D00687236 /* Intent */ = {
			isa = PBXFileSystemSynchronizedRootGroup;
			path = Intent;
			sourceTree = "<group>";
		};
		25A6C4F92F5FBD3F00687236 /* IntentTests */ = {
			isa = PBXFileSystemSynchronizedRootGroup;
			path = IntentTests;
			sourceTree = "<group>";
		};
		25A6C5032F5FBD4000687236 /* IntentUITests */ = {
			isa = PBXFileSystemSynchronizedRootGroup;
			path = IntentUITests;
			sourceTree = "<group>";
		};
		26D9E0B230AAB20000C0D001 /* IntentWidgets */ = {
			isa = PBXFileSystemSynchronizedRootGroup;
			exceptions = (
				26D9E0BE30AAB20000C0D001 /* Exceptions for "IntentWidgets" folder in "IntentWidgetsExtension" target */,
			);
			path = IntentWidgets;
			sourceTree = "<group>";
		};
		26D9E0C030AAB20000C0D001 /* IntentShared */ = {
			isa = PBXFileSystemSynchronizedRootGroup;
			path = IntentShared;
			sourceTree = "<group>";
		};
/* End PBXFileSystemSynchronizedRootGroup section */

/* Begin PBXFrameworksBuildPhase section */
		25A6C4E42F5FBD3D00687236 /* Frameworks */ = {
			isa = PBXFrameworksBuildPhase;
			buildActionMask = 2147483647;
			files = (
				26D9E0A130AAB10000C0D001 /* ConvexMobile in Frameworks */,
			);
			runOnlyForDeploymentPostprocessing = 0;
		};
		25A6C4F32F5FBD3F00687236 /* Frameworks */ = {
			isa = PBXFrameworksBuildPhase;
			buildActionMask = 2147483647;
			files = (
			);
			runOnlyForDeploymentPostprocessing = 0;
		};
		25A6C4FD2F5FBD4000687236 /* Frameworks */ = {
			isa = PBXFrameworksBuildPhase;
			buildActionMask = 2147483647;
			files = (
			);
			runOnlyForDeploymentPostprocessing = 0;
		};
		26D9E0B530AAB20000C0D001 /* Frameworks */ = {
			isa = PBXFrameworksBuildPhase;
			buildActionMask = 2147483647;
			files = (
			);
			runOnlyForDeploymentPostprocessing = 0;
		};
/* End PBXFrameworksBuildPhase section */

/* Begin PBXGroup section */
		25A6C4DE2F5FBD3D00687236 = {
			isa = PBXGroup;
			children = (
				25A6C4E92F5FBD3D00687236 /* Intent */,
				26D9E0C030AAB20000C0D001 /* IntentShared */,
				26D9E0B230AAB20000C0D001 /* IntentWidgets */,
				25A6C4F92F5FBD3F00687236 /* IntentTests */,
				25A6C5032F5FBD4000687236 /* IntentUITests */,
				25A6C4E82F5FBD3D00687236 /* Products */,
			);
			sourceTree = "<group>";
		};
		25A6C4E82F5FBD3D00687236 /* Products */ = {
			isa = PBXGroup;
			children = (
				25A6C4E72F5FBD3D00687236 /* Intent.app */,
				25A6C4F62F5FBD3F00687236 /* IntentTests.xctest */,
				25A6C5002F5FBD4000687236 /* IntentUITests.xctest */,
				26D9E0B130AAB20000C0D001 /* IntentWidgetsExtension.appex */,
			);
			name = Products;
			sourceTree = "<group>";
		};
/* End PBXGroup section */

/* Begin PBXNativeTarget section */
		25A6C4E62F5FBD3D00687236 /* Intent */ = {
			isa = PBXNativeTarget;
			buildConfigurationList = 25A6C50A2F5FBD4000687236 /* Build configuration list for PBXNativeTarget "Intent" */;
			buildPhases = (
				25A6C4E32F5FBD3D00687236 /* Sources */,
				25A6C4E42F5FBD3D00687236 /* Frameworks */,
				25A6C4E52F5FBD3D00687236 /* Resources */,
				26D9E0BC30AAB20000C0D001 /* Embed Foundation Extensions */,
			);
			buildRules = (
			);
			dependencies = (
				26D9E0BB30AAB20000C0D001 /* PBXTargetDependency */,
			);
			fileSystemSynchronizedGroups = (
				25A6C4E92F5FBD3D00687236 /* Intent */,
				26D9E0C030AAB20000C0D001 /* IntentShared */,
			);
			name = Intent;
			packageProductDependencies = (
				26D9E0A330AAB10000C0D001 /* ConvexMobile */,
			);
			productName = Intent;
			productReference = 25A6C4E72F5FBD3D00687236 /* Intent.app */;
			productType = "com.apple.product-type.application";
		};
		25A6C4F52F5FBD3F00687236 /* IntentTests */ = {
			isa = PBXNativeTarget;
			buildConfigurationList = 25A6C50D2F5FBD4000687236 /* Build configuration list for PBXNativeTarget "IntentTests" */;
			buildPhases = (
				25A6C4F22F5FBD3F00687236 /* Sources */,
				25A6C4F32F5FBD3F00687236 /* Frameworks */,
				25A6C4F42F5FBD3F00687236 /* Resources */,
			);
			buildRules = (
			);
			dependencies = (
				25A6C4F82F5FBD3F00687236 /* PBXTargetDependency */,
			);
			fileSystemSynchronizedGroups = (
				25A6C4F92F5FBD3F00687236 /* IntentTests */,
			);
			name = IntentTests;
			packageProductDependencies = (
			);
			productName = IntentTests;
			productReference = 25A6C4F62F5FBD3F00687236 /* IntentTests.xctest */;
			productType = "com.apple.product-type.bundle.unit-test";
		};
		25A6C4FF2F5FBD4000687236 /* IntentUITests */ = {
			isa = PBXNativeTarget;
			buildConfigurationList = 25A6C5102F5FBD4000687236 /* Build configuration list for PBXNativeTarget "IntentUITests" */;
			buildPhases = (
				25A6C4FC2F5FBD4000687236 /* Sources */,
				25A6C4FD2F5FBD4000687236 /* Frameworks */,
				25A6C4FE2F5FBD4000687236 /* Resources */,
			);
			buildRules = (
			);
			dependencies = (
				25A6C5022F5FBD4000687236 /* PBXTargetDependency */,
			);
			fileSystemSynchronizedGroups = (
				25A6C5032F5FBD4000687236 /* IntentUITests */,
			);
			name = IntentUITests;
			packageProductDependencies = (
			);
			productName = IntentUITests;
			productReference = 25A6C5002F5FBD4000687236 /* IntentUITests.xctest */;
			productType = "com.apple.product-type.bundle.ui-testing";
		};
		26D9E0B330AAB20000C0D001 /* IntentWidgetsExtension */ = {
			isa = PBXNativeTarget;
			buildConfigurationList = 26D9E0B730AAB20000C0D001 /* Build configuration list for PBXNativeTarget "IntentWidgetsExtension" */;
			buildPhases = (
				26D9E0B430AAB20000C0D001 /* Sources */,
				26D9E0B530AAB20000C0D001 /* Frameworks */,
				26D9E0B630AAB20000C0D001 /* Resources */,
			);
			buildRules = (
			);
			dependencies = (
			);
			fileSystemSynchronizedGroups = (
				26D9E0B230AAB20000C0D001 /* IntentWidgets */,
				26D9E0C030AAB20000C0D001 /* IntentShared */,
			);
			name = IntentWidgetsExtension;
			packageProductDependencies = (
			);
			productName = IntentWidgetsExtension;
			productReference = 26D9E0B130AAB20000C0D001 /* IntentWidgetsExtension.appex */;
			productType = "com.apple.product-type.app-extension";
		};
/* End PBXNativeTarget section */

/* Begin PBXProject section */
		25A6C4DF2F5FBD3D00687236 /* Project object */ = {
			isa = PBXProject;
			attributes = {
				BuildIndependentTargetsInParallel = 1;
				LastSwiftUpdateCheck = 2630;
				LastUpgradeCheck = 2630;
				TargetAttributes = {
					25A6C4E62F5FBD3D00687236 = {
						CreatedOnToolsVersion = 26.3;
					};
					25A6C4F52F5FBD3F00687236 = {
						CreatedOnToolsVersion = 26.3;
						TestTargetID = 25A6C4E62F5FBD3D00687236;
					};
					25A6C4FF2F5FBD4000687236 = {
						CreatedOnToolsVersion = 26.3;
						TestTargetID = 25A6C4E62F5FBD3D00687236;
					};
					26D9E0B330AAB20000C0D001 = {
						CreatedOnToolsVersion = 26.3;
					};
				};
			};
			buildConfigurationList = 25A6C4E22F5FBD3D00687236 /* Build configuration list for PBXProject "Intent" */;
			developmentRegion = en;
			hasScannedForEncodings = 0;
			knownRegions = (
				en,
				Base,
			);
			mainGroup = 25A6C4DE2F5FBD3D00687236;
			minimizedProjectReferenceProxies = 1;
			packageReferences = (
				26D9E0A230AAB10000C0D001 /* XCRemoteSwiftPackageReference "convex-swift" */,
			);
			preferredProjectObjectVersion = 77;
			productRefGroup = 25A6C4E82F5FBD3D00687236 /* Products */;
			projectDirPath = "";
			projectRoot = "";
			targets = (
				25A6C4E62F5FBD3D00687236 /* Intent */,
				25A6C4F52F5FBD3F00687236 /* IntentTests */,
				25A6C4FF2F5FBD4000687236 /* IntentUITests */,
				26D9E0B330AAB20000C0D001 /* IntentWidgetsExtension */,
			);
		};
/* End PBXProject section */

/* Begin PBXResourcesBuildPhase section */
		25A6C4E52F5FBD3D00687236 /* Resources */ = {
			isa = PBXResourcesBuildPhase;
			buildActionMask = 2147483647;
			files = (
			);
			runOnlyForDeploymentPostprocessing = 0;
		};
		25A6C4F42F5FBD3F00687236 /* Resources */ = {
			isa = PBXResourcesBuildPhase;
			buildActionMask = 2147483647;
			files = (
			);
			runOnlyForDeploymentPostprocessing = 0;
		};
		25A6C4FE2F5FBD4000687236 /* Resources */ = {
			isa = PBXResourcesBuildPhase;
			buildActionMask = 2147483647;
			files = (
			);
			runOnlyForDeploymentPostprocessing = 0;
		};
		26D9E0B630AAB20000C0D001 /* Resources */ = {
			isa = PBXResourcesBuildPhase;
			buildActionMask = 2147483647;
			files = (
			);
			runOnlyForDeploymentPostprocessing = 0;
		};
/* End PBXResourcesBuildPhase section */

/* Begin PBXSourcesBuildPhase section */
		25A6C4E32F5FBD3D00687236 /* Sources */ = {
			isa = PBXSourcesBuildPhase;
			buildActionMask = 2147483647;
			files = (
			);
			runOnlyForDeploymentPostprocessing = 0;
		};
		25A6C4F22F5FBD3F00687236 /* Sources */ = {
			isa = PBXSourcesBuildPhase;
			buildActionMask = 2147483647;
			files = (
			);
			runOnlyForDeploymentPostprocessing = 0;
		};
		25A6C4FC2F5FBD4000687236 /* Sources */ = {
			isa = PBXSourcesBuildPhase;
			buildActionMask = 2147483647;
			files = (
			);
			runOnlyForDeploymentPostprocessing = 0;
		};
		26D9E0B430AAB20000C0D001 /* Sources */ = {
			isa = PBXSourcesBuildPhase;
			buildActionMask = 2147483647;
			files = (
			);
			runOnlyForDeploymentPostprocessing = 0;
		};
/* End PBXSourcesBuildPhase section */

/* Begin PBXTargetDependency section */
		25A6C4F82F5FBD3F00687236 /* PBXTargetDependency */ = {
			isa = PBXTargetDependency;
			target = 25A6C4E62F5FBD3D00687236 /* Intent */;
			targetProxy = 25A6C4F72F5FBD3F00687236 /* PBXContainerItemProxy */;
		};
		25A6C5022F5FBD4000687236 /* PBXTargetDependency */ = {
			isa = PBXTargetDependency;
			target = 25A6C4E62F5FBD3D00687236 /* Intent */;
			targetProxy = 25A6C5012F5FBD4000687236 /* PBXContainerItemProxy */;
		};
		26D9E0BB30AAB20000C0D001 /* PBXTargetDependency */ = {
			isa = PBXTargetDependency;
			target = 26D9E0B330AAB20000C0D001 /* IntentWidgetsExtension */;
			targetProxy = 26D9E0BA30AAB20000C0D001 /* PBXContainerItemProxy */;
		};
/* End PBXTargetDependency section */

/* Begin XCBuildConfiguration section */
		25A6C5082F5FBD4000687236 /* Debug */ = {
			isa = XCBuildConfiguration;
			buildSettings = {
				ALWAYS_SEARCH_USER_PATHS = NO;
				ASSETCATALOG_COMPILER_GENERATE_SWIFT_ASSET_SYMBOL_EXTENSIONS = YES;
				CLANG_ANALYZER_NONNULL = YES;
				CLANG_ANALYZER_NUMBER_OBJECT_CONVERSION = YES_AGGRESSIVE;
				CLANG_CXX_LANGUAGE_STANDARD = "gnu++20";
				CLANG_ENABLE_MODULES = YES;
				CLANG_ENABLE_OBJC_ARC = YES;
				CLANG_ENABLE_OBJC_WEAK = YES;
				CLANG_WARN_BLOCK_CAPTURE_AUTORELEASING = YES;
				CLANG_WARN_BOOL_CONVERSION = YES;
				CLANG_WARN_COMMA = YES;
				CLANG_WARN_CONSTANT_CONVERSION = YES;
				CLANG_WARN_DEPRECATED_OBJC_IMPLEMENTATIONS = YES;
				CLANG_WARN_DIRECT_OBJC_ISA_USAGE = YES_ERROR;
				CLANG_WARN_DOCUMENTATION_COMMENTS = YES;
				CLANG_WARN_EMPTY_BODY = YES;
				CLANG_WARN_ENUM_CONVERSION = YES;
				CLANG_WARN_INFINITE_RECURSION = YES;
				CLANG_WARN_INT_CONVERSION = YES;
				CLANG_WARN_NON_LITERAL_NULL_CONVERSION = YES;
				CLANG_WARN_OBJC_IMPLICIT_RETAIN_SELF = YES;
				CLANG_WARN_OBJC_LITERAL_CONVERSION = YES;
				CLANG_WARN_OBJC_ROOT_CLASS = YES_ERROR;
				CLANG_WARN_QUOTED_INCLUDE_IN_FRAMEWORK_HEADER = YES;
				CLANG_WARN_RANGE_LOOP_ANALYSIS = YES;
				CLANG_WARN_STRICT_PROTOTYPES = YES;
				CLANG_WARN_SUSPICIOUS_MOVE = YES;
				CLANG_WARN_UNGUARDED_AVAILABILITY = YES_AGGRESSIVE;
				CLANG_WARN_UNREACHABLE_CODE = YES;
				CLANG_WARN__DUPLICATE_METHOD_MATCH = YES;
				COPY_PHASE_STRIP = NO;
				DEBUG_INFORMATION_FORMAT = dwarf;
				DEVELOPMENT_TEAM = 3V2UU7RRK9;
				ENABLE_STRICT_OBJC_MSGSEND = YES;
				ENABLE_TESTABILITY = YES;
				ENABLE_USER_SCRIPT_SANDBOXING = YES;
				GCC_C_LANGUAGE_STANDARD = gnu17;
				GCC_DYNAMIC_NO_PIC = NO;
				GCC_NO_COMMON_BLOCKS = YES;
				GCC_OPTIMIZATION_LEVEL = 0;
				GCC_PREPROCESSOR_DEFINITIONS = (
					"DEBUG=1",
					"$(inherited)",
				);
				GCC_WARN_64_TO_32_BIT_CONVERSION = YES;
				GCC_WARN_ABOUT_RETURN_TYPE = YES_ERROR;
				GCC_WARN_UNDECLARED_SELECTOR = YES;
				GCC_WARN_UNINITIALIZED_AUTOS = YES_AGGRESSIVE;
				GCC_WARN_UNUSED_FUNCTION = YES;
				GCC_WARN_UNUSED_VARIABLE = YES;
				LOCALIZATION_PREFERS_STRING_CATALOGS = YES;
				MACOSX_DEPLOYMENT_TARGET = 26.2;
				MTL_ENABLE_DEBUG_INFO = INCLUDE_SOURCE;
				MTL_FAST_MATH = YES;
				ONLY_ACTIVE_ARCH = YES;
				SDKROOT = macosx;
				SWIFT_ACTIVE_COMPILATION_CONDITIONS = "DEBUG $(inherited)";
				SWIFT_OPTIMIZATION_LEVEL = "-Onone";
			};
			name = Debug;
		};
		25A6C5092F5FBD4000687236 /* Release */ = {
			isa = XCBuildConfiguration;
			buildSettings = {
				ALWAYS_SEARCH_USER_PATHS = NO;
				ASSETCATALOG_COMPILER_GENERATE_SWIFT_ASSET_SYMBOL_EXTENSIONS = YES;
				CLANG_ANALYZER_NONNULL = YES;
				CLANG_ANALYZER_NUMBER_OBJECT_CONVERSION = YES_AGGRESSIVE;
				CLANG_CXX_LANGUAGE_STANDARD = "gnu++20";
				CLANG_ENABLE_MODULES = YES;
				CLANG_ENABLE_OBJC_ARC = YES;
				CLANG_ENABLE_OBJC_WEAK = YES;
				CLANG_WARN_BLOCK_CAPTURE_AUTORELEASING = YES;
				CLANG_WARN_BOOL_CONVERSION = YES;
				CLANG_WARN_COMMA = YES;
				CLANG_WARN_CONSTANT_CONVERSION = YES;
				CLANG_WARN_DEPRECATED_OBJC_IMPLEMENTATIONS = YES;
				CLANG_WARN_DIRECT_OBJC_ISA_USAGE = YES_ERROR;
				CLANG_WARN_DOCUMENTATION_COMMENTS = YES;
				CLANG_WARN_EMPTY_BODY = YES;
				CLANG_WARN_ENUM_CONVERSION = YES;
				CLANG_WARN_INFINITE_RECURSION = YES;
				CLANG_WARN_INT_CONVERSION = YES;
				CLANG_WARN_NON_LITERAL_NULL_CONVERSION = YES;
				CLANG_WARN_OBJC_IMPLICIT_RETAIN_SELF = YES;
				CLANG_WARN_OBJC_LITERAL_CONVERSION = YES;
				CLANG_WARN_OBJC_ROOT_CLASS = YES_ERROR;
				CLANG_WARN_QUOTED_INCLUDE_IN_FRAMEWORK_HEADER = YES;
				CLANG_WARN_RANGE_LOOP_ANALYSIS = YES;
				CLANG_WARN_STRICT_PROTOTYPES = YES;
				CLANG_WARN_SUSPICIOUS_MOVE = YES;
				CLANG_WARN_UNGUARDED_AVAILABILITY = YES_AGGRESSIVE;
				CLANG_WARN_UNREACHABLE_CODE = YES;
				CLANG_WARN__DUPLICATE_METHOD_MATCH = YES;
				COPY_PHASE_STRIP = NO;
				DEBUG_INFORMATION_FORMAT = "dwarf-with-dsym";
				DEVELOPMENT_TEAM = 3V2UU7RRK9;
				ENABLE_NS_ASSERTIONS = NO;
				ENABLE_STRICT_OBJC_MSGSEND = YES;
				ENABLE_USER_SCRIPT_SANDBOXING = YES;
				GCC_C_LANGUAGE_STANDARD = gnu17;
				GCC_NO_COMMON_BLOCKS = YES;
				GCC_WARN_64_TO_32_BIT_CONVERSION = YES;
				GCC_WARN_ABOUT_RETURN_TYPE = YES_ERROR;
				GCC_WARN_UNDECLARED_SELECTOR = YES;
				GCC_WARN_UNINITIALIZED_AUTOS = YES_AGGRESSIVE;
				GCC_WARN_UNUSED_FUNCTION = YES;
				GCC_WARN_UNUSED_VARIABLE = YES;
				LOCALIZATION_PREFERS_STRING_CATALOGS = YES;
				MACOSX_DEPLOYMENT_TARGET = 26.2;
				MTL_ENABLE_DEBUG_INFO = NO;
				MTL_FAST_MATH = YES;
				SDKROOT = macosx;
				SWIFT_COMPILATION_MODE = wholemodule;
			};
			name = Release;
		};
		25A6C50B2F5FBD4000687236 /* Debug */ = {
			isa = XCBuildConfiguration;
			buildSettings = {
				ASSETCATALOG_COMPILER_APPICON_NAME = AppIcon;
				ASSETCATALOG_COMPILER_GLOBAL_ACCENT_COLOR_NAME = AccentColor;
				CODE_SIGN_ENTITLEMENTS = Intent/Intent.entitlements;
				CODE_SIGN_STYLE = Automatic;
				COMBINE_HIDPI_IMAGES = YES;
				CURRENT_PROJECT_VERSION = 3;
				DEVELOPMENT_TEAM = 3V2UU7RRK9;
				ENABLE_APP_SANDBOX = YES;
				ENABLE_HARDENED_RUNTIME = YES;
				ENABLE_PREVIEWS = YES;
				ENABLE_USER_SELECTED_FILES = readonly;
				GENERATE_INFOPLIST_FILE = YES;
				INFOPLIST_KEY_NSHumanReadableCopyright = "";
				LD_RUNPATH_SEARCH_PATHS = (
					"$(inherited)",
					"@executable_path/../Frameworks",
				);
				MARKETING_VERSION = 1.0;
				PRODUCT_BUNDLE_IDENTIFIER = studio.orbitlabs.Intent;
				PRODUCT_NAME = "$(TARGET_NAME)";
				REGISTER_APP_GROUPS = YES;
				STRING_CATALOG_GENERATE_SYMBOLS = YES;
				SWIFT_APPROACHABLE_CONCURRENCY = YES;
				SWIFT_DEFAULT_ACTOR_ISOLATION = MainActor;
				SWIFT_EMIT_LOC_STRINGS = YES;
				SWIFT_UPCOMING_FEATURE_MEMBER_IMPORT_VISIBILITY = YES;
				SWIFT_VERSION = 5.0;
			};
			name = Debug;
		};
		25A6C50C2F5FBD4000687236 /* Release */ = {
			isa = XCBuildConfiguration;
			buildSettings = {
				ASSETCATALOG_COMPILER_APPICON_NAME = AppIcon;
				ASSETCATALOG_COMPILER_GLOBAL_ACCENT_COLOR_NAME = AccentColor;
				CODE_SIGN_ENTITLEMENTS = Intent/Intent.entitlements;
				CODE_SIGN_STYLE = Automatic;
				COMBINE_HIDPI_IMAGES = YES;
				CURRENT_PROJECT_VERSION = 3;
				DEVELOPMENT_TEAM = 3V2UU7RRK9;
				ENABLE_APP_SANDBOX = YES;
				ENABLE_HARDENED_RUNTIME = YES;
				ENABLE_PREVIEWS = YES;
				ENABLE_USER_SELECTED_FILES = readonly;
				GENERATE_INFOPLIST_FILE = YES;
				INFOPLIST_KEY_NSHumanReadableCopyright = "";
				LD_RUNPATH_SEARCH_PATHS = (
					"$(inherited)",
					"@executable_path/../Frameworks",
				);
				MARKETING_VERSION = 1.0;
				PRODUCT_BUNDLE_IDENTIFIER = studio.orbitlabs.Intent;
				PRODUCT_NAME = "$(TARGET_NAME)";
				REGISTER_APP_GROUPS = YES;
				STRING_CATALOG_GENERATE_SYMBOLS = YES;
				SWIFT_APPROACHABLE_CONCURRENCY = YES;
				SWIFT_DEFAULT_ACTOR_ISOLATION = MainActor;
				SWIFT_EMIT_LOC_STRINGS = YES;
				SWIFT_UPCOMING_FEATURE_MEMBER_IMPORT_VISIBILITY = YES;
				SWIFT_VERSION = 5.0;
			};
			name = Release;
		};
		25A6C50E2F5FBD4000687236 /* Debug */ = {
			isa = XCBuildConfiguration;
			buildSettings = {
				BUNDLE_LOADER = "$(TEST_HOST)";
				CODE_SIGN_STYLE = Automatic;
				CURRENT_PROJECT_VERSION = 3;
				DEVELOPMENT_TEAM = 3V2UU7RRK9;
				GENERATE_INFOPLIST_FILE = YES;
				MACOSX_DEPLOYMENT_TARGET = 26.2;
				MARKETING_VERSION = 1.0;
				PRODUCT_BUNDLE_IDENTIFIER = studio.orbitlabs.IntentTests;
				PRODUCT_NAME = "$(TARGET_NAME)";
				STRING_CATALOG_GENERATE_SYMBOLS = NO;
				SWIFT_APPROACHABLE_CONCURRENCY = YES;
				SWIFT_EMIT_LOC_STRINGS = NO;
				SWIFT_UPCOMING_FEATURE_MEMBER_IMPORT_VISIBILITY = YES;
				SWIFT_VERSION = 5.0;
				TEST_HOST = "$(BUILT_PRODUCTS_DIR)/Intent.app/$(BUNDLE_EXECUTABLE_FOLDER_PATH)/Intent";
			};
			name = Debug;
		};
		25A6C50F2F5FBD4000687236 /* Release */ = {
			isa = XCBuildConfiguration;
			buildSettings = {
				BUNDLE_LOADER = "$(TEST_HOST)";
				CODE_SIGN_STYLE = Automatic;
				CURRENT_PROJECT_VERSION = 3;
				DEVELOPMENT_TEAM = 3V2UU7RRK9;
				GENERATE_INFOPLIST_FILE = YES;
				MACOSX_DEPLOYMENT_TARGET = 26.2;
				MARKETING_VERSION = 1.0;
				PRODUCT_BUNDLE_IDENTIFIER = studio.orbitlabs.IntentTests;
				PRODUCT_NAME = "$(TARGET_NAME)";
				STRING_CATALOG_GENERATE_SYMBOLS = NO;
				SWIFT_APPROACHABLE_CONCURRENCY = YES;
				SWIFT_EMIT_LOC_STRINGS = NO;
				SWIFT_UPCOMING_FEATURE_MEMBER_IMPORT_VISIBILITY = YES;
				SWIFT_VERSION = 5.0;
				TEST_HOST = "$(BUILT_PRODUCTS_DIR)/Intent.app/$(BUNDLE_EXECUTABLE_FOLDER_PATH)/Intent";
			};
			name = Release;
		};
		25A6C5112F5FBD4000687236 /* Debug */ = {
			isa = XCBuildConfiguration;
			buildSettings = {
				CODE_SIGN_STYLE = Automatic;
				CURRENT_PROJECT_VERSION = 3;
				DEVELOPMENT_TEAM = 3V2UU7RRK9;
				GENERATE_INFOPLIST_FILE = YES;
				MARKETING_VERSION = 1.0;
				PRODUCT_BUNDLE_IDENTIFIER = studio.orbitlabs.IntentUITests;
				PRODUCT_NAME = "$(TARGET_NAME)";
				STRING_CATALOG_GENERATE_SYMBOLS = NO;
				SWIFT_APPROACHABLE_CONCURRENCY = YES;
				SWIFT_EMIT_LOC_STRINGS = NO;
				SWIFT_UPCOMING_FEATURE_MEMBER_IMPORT_VISIBILITY = YES;
				SWIFT_VERSION = 5.0;
				TEST_TARGET_NAME = Intent;
			};
			name = Debug;
		};
		25A6C5122F5FBD4000687236 /* Release */ = {
			isa = XCBuildConfiguration;
			buildSettings = {
				CODE_SIGN_STYLE = Automatic;
				CURRENT_PROJECT_VERSION = 3;
				DEVELOPMENT_TEAM = 3V2UU7RRK9;
				GENERATE_INFOPLIST_FILE = YES;
				MARKETING_VERSION = 1.0;
				PRODUCT_BUNDLE_IDENTIFIER = studio.orbitlabs.IntentUITests;
				PRODUCT_NAME = "$(TARGET_NAME)";
				STRING_CATALOG_GENERATE_SYMBOLS = NO;
				SWIFT_APPROACHABLE_CONCURRENCY = YES;
				SWIFT_EMIT_LOC_STRINGS = NO;
				SWIFT_UPCOMING_FEATURE_MEMBER_IMPORT_VISIBILITY = YES;
				SWIFT_VERSION = 5.0;
				TEST_TARGET_NAME = Intent;
			};
			name = Release;
		};
		26D9E0B830AAB20000C0D001 /* Debug */ = {
			isa = XCBuildConfiguration;
			buildSettings = {
				CODE_SIGN_ENTITLEMENTS = IntentWidgets/IntentWidgets.entitlements;
				CODE_SIGN_STYLE = Automatic;
				CURRENT_PROJECT_VERSION = 3;
				DEVELOPMENT_TEAM = 3V2UU7RRK9;
				ENABLE_APP_SANDBOX = YES;
				ENABLE_HARDENED_RUNTIME = YES;
				GENERATE_INFOPLIST_FILE = YES;
				INFOPLIST_FILE = IntentWidgets/Info.plist;
				INFOPLIST_KEY_CFBundleDisplayName = "Intent Widgets";
				INFOPLIST_KEY_NSHumanReadableCopyright = "";
				LD_RUNPATH_SEARCH_PATHS = (
					"$(inherited)",
					"@executable_path/../Frameworks",
					"@executable_path/../../../../Frameworks",
				);
				MARKETING_VERSION = 1.0;
				PRODUCT_BUNDLE_IDENTIFIER = studio.orbitlabs.Intent.IntentWidgets;
				PRODUCT_NAME = "$(TARGET_NAME)";
				REGISTER_APP_GROUPS = YES;
				SKIP_INSTALL = YES;
				SWIFT_EMIT_LOC_STRINGS = YES;
				SWIFT_VERSION = 5.0;
			};
			name = Debug;
		};
		26D9E0B930AAB20000C0D001 /* Release */ = {
			isa = XCBuildConfiguration;
			buildSettings = {
				CODE_SIGN_ENTITLEMENTS = IntentWidgets/IntentWidgets.entitlements;
				CODE_SIGN_STYLE = Automatic;
				CURRENT_PROJECT_VERSION = 3;
				DEVELOPMENT_TEAM = 3V2UU7RRK9;
				ENABLE_APP_SANDBOX = YES;
				ENABLE_HARDENED_RUNTIME = YES;
				GENERATE_INFOPLIST_FILE = YES;
				INFOPLIST_FILE = IntentWidgets/Info.plist;
				INFOPLIST_KEY_CFBundleDisplayName = "Intent Widgets";
				INFOPLIST_KEY_NSHumanReadableCopyright = "";
				LD_RUNPATH_SEARCH_PATHS = (
					"$(inherited)",
					"@executable_path/../Frameworks",
					"@executable_path/../../../../Frameworks",
				);
				MARKETING_VERSION = 1.0;
				PRODUCT_BUNDLE_IDENTIFIER = studio.orbitlabs.Intent.IntentWidgets;
				PRODUCT_NAME = "$(TARGET_NAME)";
				REGISTER_APP_GROUPS = YES;
				SKIP_INSTALL = YES;
				SWIFT_EMIT_LOC_STRINGS = YES;
				SWIFT_VERSION = 5.0;
			};
			name = Release;
		};
/* End XCBuildConfiguration section */

/* Begin XCConfigurationList section */
		25A6C4E22F5FBD3D00687236 /* Build configuration list for PBXProject "Intent" */ = {
			isa = XCConfigurationList;
			buildConfigurations = (
				25A6C5082F5FBD4000687236 /* Debug */,
				25A6C5092F5FBD4000687236 /* Release */,
			);
			defaultConfigurationIsVisible = 0;
			defaultConfigurationName = Release;
		};
		25A6C50A2F5FBD4000687236 /* Build configuration list for PBXNativeTarget "Intent" */ = {
			isa = XCConfigurationList;
			buildConfigurations = (
				25A6C50B2F5FBD4000687236 /* Debug */,
				25A6C50C2F5FBD4000687236 /* Release */,
			);
			defaultConfigurationIsVisible = 0;
			defaultConfigurationName = Release;
		};
		25A6C50D2F5FBD4000687236 /* Build configuration list for PBXNativeTarget "IntentTests" */ = {
			isa = XCConfigurationList;
			buildConfigurations = (
				25A6C50E2F5FBD4000687236 /* Debug */,
				25A6C50F2F5FBD4000687236 /* Release */,
			);
			defaultConfigurationIsVisible = 0;
			defaultConfigurationName = Release;
		};
		25A6C5102F5FBD4000687236 /* Build configuration list for PBXNativeTarget "IntentUITests" */ = {
			isa = XCConfigurationList;
			buildConfigurations = (
				25A6C5112F5FBD4000687236 /* Debug */,
				25A6C5122F5FBD4000687236 /* Release */,
			);
			defaultConfigurationIsVisible = 0;
			defaultConfigurationName = Release;
		};
		26D9E0B730AAB20000C0D001 /* Build configuration list for PBXNativeTarget "IntentWidgetsExtension" */ = {
			isa = XCConfigurationList;
			buildConfigurations = (
				26D9E0B830AAB20000C0D001 /* Debug */,
				26D9E0B930AAB20000C0D001 /* Release */,
			);
			defaultConfigurationIsVisible = 0;
			defaultConfigurationName = Release;
		};
/* End XCConfigurationList section */

/* Begin XCRemoteSwiftPackageReference section */
		26D9E0A230AAB10000C0D001 /* XCRemoteSwiftPackageReference "convex-swift" */ = {
			isa = XCRemoteSwiftPackageReference;
			repositoryURL = "https://github.com/get-convex/convex-swift";
			requirement = {
				kind = upToNextMajorVersion;
				minimumVersion = 0.7.0;
			};
		};
/* End XCRemoteSwiftPackageReference section */

/* Begin XCSwiftPackageProductDependency section */
		26D9E0A330AAB10000C0D001 /* ConvexMobile */ = {
			isa = XCSwiftPackageProductDependency;
			package = 26D9E0A230AAB10000C0D001 /* XCRemoteSwiftPackageReference "convex-swift" */;
			productName = ConvexMobile;
		};
/* End XCSwiftPackageProductDependency section */
	};
	rootObject = 25A6C4DF2F5FBD3D00687236 /* Project object */;
}
